
Microsoft Visual Studio Solution File, Format Version 12.00
# Visual Studio Version 17
VisualStudioVersion = 17.14.36401.2
MinimumVisualStudioVersion = 10.0.40219.1
Project("{8BC9CEB8-8B4A-11D0-8D11-00A0C91BC942}") = "Lab1.07", "Cpp2LabsCisco\Cpp2LabsCisco.vcxproj", "{6D38F3A3-ED0D-43CD-8F27-B6A060B875AB}"
EndProject
Project("{8BC9CEB8-8B4A-11D0-8D11-00A0C91BC942}") = "Lab1.0.8", "Lab1.0.8\Lab1.0.8.vcxproj", "{AC53E91C-5786-41D6-83F1-57A1D6F7FA5B}"
EndProject
Global
	GlobalSection(SolutionConfigurationPlatforms) = preSolution
		Debug|x64 = Debug|x64
		Debug|x86 = Debug|x86
		Release|x64 = Release|x64
		Release|x86 = Release|x86
	EndGlobalSection
	GlobalSection(ProjectConfigurationPlatforms) = postSolution
		{6D38F3A3-ED0D-43CD-8F27-B6A060B875AB}.Debug|x64.ActiveCfg = Debug|x64
		{6D38F3A3-ED0D-43CD-8F27-B6A060B875AB}.Debug|x64.Build.0 = Debug|x64
		{6D38F3A3-ED0D-43CD-8F27-B6A060B875AB}.Debug|x86.ActiveCfg = Debug|Win32
		{6D38F3A3-ED0D-43CD-8F27-B6A060B875AB}.Debug|x86.Build.0 = Debug|Win32
		{6D38F3A3-ED0D-43CD-8F27-B6A060B875AB}.Release|x64.ActiveCfg = Release|x64
		{6D38F3A3-ED0D-43CD-8F27-B6A060B875AB}.Release|x64.Build.0 = Release|x64
		{6D38F3A3-ED0D-43CD-8F27-B6A060B875AB}.Release|x86.ActiveCfg = Release|Win32
		{6D38F3A3-ED0D-43CD-8F27-B6A060B875AB}.Release|x86.Build.0 = Release|Win32
		{AC53E91C-5786-41D6-83F1-57A1D6F7FA5B}.Debug|x64.ActiveCfg = Debug|x64
		{AC53E91C-5786-41D6-83F1-57A1D6F7FA5B}.Debug|x64.Build.0 = Debug|x64
		{AC53E91C-5786-41D6-83F1-57A1D6F7FA5B}.Debug|x86.ActiveCfg = Debug|Win32
		{AC53E91C-5786-41D6-83F1-57A1D6F7FA5B}.Debug|x86.Build.0 = Debug|Win32
		{AC53E91C-5786-41D6-83F1-57A1D6F7FA5B}.Release|x64.ActiveCfg = Release|x64
		{AC53E91C-5786-41D6-83F1-57A1D6F7FA5B}.Release|x64.Build.0 = Release|x64
		{AC53E91C-5786-41D6-83F1-57A1D6F7FA5B}.Release|x86.ActiveCfg = Release|Win32
		{AC53E91C-5786-41D6-83F1-57A1D6F7FA5B}.Release|x86.Build.0 = Release|Win32
	EndGlobalSection
	GlobalSection(SolutionProperties) = preSolution
		HideSolutionNode = FALSE
	EndGlobalSection
	GlobalSection(ExtensibilityGlobals) = postSolution
		SolutionGuid = {A34553FA-8AA7-4AD3-8443-15FB20878D36}
	EndGlobalSection
EndGlobal
